
Microsoft Visual Studio Solution File, Format Version 12.00
# Visual Studio Version 16
VisualStudioVersion = 16.0.31729.503
MinimumVisualStudioVersion = 10.0.40219.1
Project("{FAE04EC0-301F-11D3-BF4B-00C04F79EFBC}") = "HiPOTGUI", "HiPOTGUI\HiPOTGUI.csproj", "{5DD3F106-C702-4AF9-9AB4-5219893C6365}"
EndProject
Global
	GlobalSection(SolutionConfigurationPlatforms) = preSolution
		Debug|Any CPU = Debug|Any CPU
		Release|Any CPU = Release|Any CPU
	EndGlobalSection
	GlobalSection(ProjectConfigurationPlatforms) = postSolution
		{5DD3F106-C702-4AF9-9AB4-5219893C6365}.Debug|Any CPU.ActiveCfg = Debug|Any CPU
		{5DD3F106-C702-4AF9-9AB4-5219893C6365}.Debug|Any CPU.Build.0 = Debug|Any CPU
		{5DD3F106-C702-4AF9-9AB4-5219893C6365}.Release|Any CPU.ActiveCfg = Release|Any CPU
		{5DD3F106-C702-4AF9-9AB4-5219893C6365}.Release|Any CPU.Build.0 = Release|Any CPU
	EndGlobalSection
	GlobalSection(SolutionProperties) = preSolution
		HideSolutionNode = FALSE
	EndGlobalSection
	GlobalSection(ExtensibilityGlobals) = postSolution
		SolutionGuid = {C4927FA1-24A0-4C38-AAE3-A02727D22601}
	EndGlobalSection
EndGlobal
